{
  "name": "vanilla-scrollify",
  "version": "1.7.0",
  "lockfileVersion": 1,
  "requires": true,
  "dependencies": {
    "smooth-scroll-module": {
      "version": "1.0.4",
      "resolved": "https://registry.npmjs.org/smooth-scroll-module/-/smooth-scroll-module-1.0.4.tgz",
      "integrity": "sha1-082c6U6bv6vOh6Z+toNBx0bIBi8=",
      "dev": true
    }
  }
}
