{
  "name": "vanilla-scrollify",
  "version": "1.7.0",
  "lockfileVersion": 1,
  "requires": true,
  "dependencies": {
    "smooth-scroll-module": {
      "version": "2.0.1",
      "resolved": "https://registry.npmjs.org/smooth-scroll-module/-/smooth-scroll-module-2.0.1.tgz",
      "integrity": "sha512-8jxm9rkRcUSoS3QVnBhXiy7Zh6sCljcpAJiw8XfAqd9+pm8VsynTK+K6ntiP9oQTIi1rfOO6k26ekpFROlnbSw=="
    }
  }
}
